// !$*UTF8*$!
{
 archiveVersion = 1;
 objectVersion = 56;
 objects = {
  A00000000000000000000001 /* Project */ = {isa = PBXProject; attributes = {LastUpgradeCheck = 1540;}; buildConfigurationList = A00000000000000000000900; compatibilityVersion = "Xcode 14.0"; developmentRegion = en; knownRegions = (en, Base); mainGroup = A00000000000000000000100; productRefGroup = A00000000000000000000102; targets = (A00000000000000000000200); };
  A00000000000000000000100 = {isa = PBXGroup; children = (A00000000000000000000101,A00000000000000000000102); sourceTree = "<group>"; };
  A00000000000000000000101 /* GoKartARLine */ = {isa = PBXGroup; path = GoKartARLine; sourceTree = "<group>"; children = (A00000000000000000000301,A00000000000000000000302,A00000000000000000000303,A00000000000000000000304,A00000000000000000000305,A00000000000000000000306,A00000000000000000000307,A00000000000000000000308,A00000000000000000000309); };
  A00000000000000000000102 /* Products */ = {isa = PBXGroup; name = Products; sourceTree = "<group>"; children = (A00000000000000000000400); };
  A00000000000000000000200 /* GoKartARLine */ = {isa = PBXNativeTarget; buildConfigurationList = A00000000000000000000901; buildPhases = (A00000000000000000000500,A00000000000000000000501,A00000000000000000000502); buildRules = (); dependencies = (); name = GoKartARLine; productName = GoKartARLine; productReference = A00000000000000000000400; productType = "com.apple.product-type.application"; };
  A00000000000000000000301 = {isa = PBXFileReference; lastKnownFileType = sourcecode.swift; path = GoKartARLineApp.swift; sourceTree = "<group>"; };
  A00000000000000000000302 = {isa = PBXFileReference; lastKnownFileType = sourcecode.swift; path = ContentView.swift; sourceTree = "<group>"; };
  A00000000000000000000303 = {isa = PBXFileReference; lastKnownFileType = sourcecode.swift; path = ARViewContainer.swift; sourceTree = "<group>"; };
  A00000000000000000000304 = {isa = PBXFileReference; lastKnownFileType = sourcecode.swift; path = LocationManager.swift; sourceTree = "<group>"; };
  A00000000000000000000305 = {isa = PBXFileReference; lastKnownFileType = sourcecode.swift; path = TrackDataManager.swift; sourceTree = "<group>"; };
  A00000000000000000000306 = {isa = PBXFileReference; lastKnownFileType = sourcecode.swift; path = TrackPoint.swift; sourceTree = "<group>"; };
  A00000000000000000000307 = {isa = PBXFileReference; lastKnownFileType = sourcecode.swift; path = SettingsView.swift; sourceTree = "<group>"; };
  A00000000000000000000308 = {isa = PBXFileReference; lastKnownFileType = folder.assetcatalog; path = Assets.xcassets; sourceTree = "<group>"; };
  A00000000000000000000309 = {isa = PBXFileReference; lastKnownFileType = text.plist.xml; path = Info.plist; sourceTree = "<group>"; };
  A00000000000000000000400 = {isa = PBXFileReference; explicitFileType = wrapper.application; includeInIndex = 0; path = GoKartARLine.app; sourceTree = BUILT_PRODUCTS_DIR; };
  A00000000000000000000411 = {isa = PBXBuildFile; fileRef = A00000000000000000000301;}; A00000000000000000000412 = {isa = PBXBuildFile; fileRef = A00000000000000000000302;}; A00000000000000000000413 = {isa = PBXBuildFile; fileRef = A00000000000000000000303;}; A00000000000000000000414 = {isa = PBXBuildFile; fileRef = A00000000000000000000304;}; A00000000000000000000415 = {isa = PBXBuildFile; fileRef = A00000000000000000000305;}; A00000000000000000000416 = {isa = PBXBuildFile; fileRef = A00000000000000000000306;}; A00000000000000000000417 = {isa = PBXBuildFile; fileRef = A00000000000000000000307;}; A00000000000000000000418 = {isa = PBXBuildFile; fileRef = A00000000000000000000308;};
  A00000000000000000000500 = {isa = PBXSourcesBuildPhase; buildActionMask = 2147483647; files = (A00000000000000000000411,A00000000000000000000412,A00000000000000000000413,A00000000000000000000414,A00000000000000000000415,A00000000000000000000416,A00000000000000000000417); runOnlyForDeploymentPostprocessing = 0; };
  A00000000000000000000501 = {isa = PBXFrameworksBuildPhase; buildActionMask = 2147483647; files = (); runOnlyForDeploymentPostprocessing = 0; };
  A00000000000000000000502 = {isa = PBXResourcesBuildPhase; buildActionMask = 2147483647; files = (A00000000000000000000418); runOnlyForDeploymentPostprocessing = 0; };
  A00000000000000000000900 = {isa = XCConfigurationList; buildConfigurations = (A00000000000000000000910,A00000000000000000000911); defaultConfigurationIsVisible = 0; defaultConfigurationName = Release; };
  A00000000000000000000901 = {isa = XCConfigurationList; buildConfigurations = (A00000000000000000000920,A00000000000000000000921); defaultConfigurationIsVisible = 0; defaultConfigurationName = Release; };
  A00000000000000000000910 = {isa = XCBuildConfiguration; name = Debug; buildSettings = {IPHONEOS_DEPLOYMENT_TARGET = 17.0; SDKROOT = iphoneos; SWIFT_OPTIMIZATION_LEVEL = "-Onone";};};
  A00000000000000000000911 = {isa = XCBuildConfiguration; name = Release; buildSettings = {IPHONEOS_DEPLOYMENT_TARGET = 17.0; SDKROOT = iphoneos; SWIFT_OPTIMIZATION_LEVEL = "-O";};};
  A00000000000000000000920 = {isa = XCBuildConfiguration; name = Debug; buildSettings = {ASSETCATALOG_COMPILER_APPICON_NAME = AppIcon; CODE_SIGN_STYLE = Automatic; CURRENT_PROJECT_VERSION = 1; GENERATE_INFOPLIST_FILE = NO; INFOPLIST_FILE = GoKartARLine/Info.plist; IPHONEOS_DEPLOYMENT_TARGET = 17.0; LD_RUNPATH_SEARCH_PATHS = "$(inherited) @executable_path/Frameworks"; MARKETING_VERSION = 1.0; PRODUCT_BUNDLE_IDENTIFIER = com.example.GoKartARLine; PRODUCT_NAME = "$(TARGET_NAME)"; SUPPORTED_PLATFORMS = "iphoneos iphonesimulator"; SWIFT_VERSION = 5.0; TARGETED_DEVICE_FAMILY = 1;};};
  A00000000000000000000921 = {isa = XCBuildConfiguration; name = Release; buildSettings = {ASSETCATALOG_COMPILER_APPICON_NAME = AppIcon; CODE_SIGN_STYLE = Automatic; CURRENT_PROJECT_VERSION = 1; GENERATE_INFOPLIST_FILE = NO; INFOPLIST_FILE = GoKartARLine/Info.plist; IPHONEOS_DEPLOYMENT_TARGET = 17.0; LD_RUNPATH_SEARCH_PATHS = "$(inherited) @executable_path/Frameworks"; MARKETING_VERSION = 1.0; PRODUCT_BUNDLE_IDENTIFIER = com.example.GoKartARLine; PRODUCT_NAME = "$(TARGET_NAME)"; SUPPORTED_PLATFORMS = "iphoneos iphonesimulator"; SWIFT_VERSION = 5.0; TARGETED_DEVICE_FAMILY = 1;};};
 };
 rootObject = A00000000000000000000001;
}
